// !$*UTF8*$!
{
	archiveVersion = 1;
	classes = {
	};
	objectVersion = 50;
	objects = {

/* Begin PBXBuildFile section */
		49432774256E12F0005AD2BB /* cardPortal_iOSApp.swift in Sources */ = {isa = PBXBuildFile; fileRef = 49432773256E12F0005AD2BB /* cardPortal_iOSApp.swift */; };
		49432776256E12F0005AD2BB /* ContentView.swift in Sources */ = {isa = PBXBuildFile; fileRef = 49432775256E12F0005AD2BB /* ContentView.swift */; };
		49432778256E12F2005AD2BB /* Assets.xcassets in Resources */ = {isa = PBXBuildFile; fileRef = 49432777256E12F2005AD2BB /* Assets.xcassets */; };
		4943277B256E12F2005AD2BB /* Preview Assets.xcassets in Resources */ = {isa = PBXBuildFile; fileRef = 4943277A256E12F2005AD2BB /* Preview Assets.xcassets */; };
		49432786256E12F3005AD2BB /* cardPortal_iOSTests.swift in Sources */ = {isa = PBXBuildFile; fileRef = 49432785256E12F3005AD2BB /* cardPortal_iOSTests.swift */; };
		49432791256E12F3005AD2BB /* cardPortal_iOSUITests.swift in Sources */ = {isa = PBXBuildFile; fileRef = 49432790256E12F3005AD2BB /* cardPortal_iOSUITests.swift */; };
/* End PBXBuildFile section */

/* Begin PBXContainerItemProxy section */
		49432782256E12F3005AD2BB /* PBXContainerItemProxy */ = {
			isa = PBXContainerItemProxy;
			containerPortal = 49432768256E12F0005AD2BB /* Project object */;
			proxyType = 1;
			remoteGlobalIDString = 4943276F256E12F0005AD2BB;
			remoteInfo = "cardPortal-iOS";
		};
		4943278D256E12F3005AD2BB /* PBXContainerItemProxy */ = {
			isa = PBXContainerItemProxy;
			containerPortal = 49432768256E12F0005AD2BB /* Project object */;
			proxyType = 1;
			remoteGlobalIDString = 4943276F256E12F0005AD2BB;
			remoteInfo = "cardPortal-iOS";
		};
/* End PBXContainerItemProxy section */

/* Begin PBXFileReference section */
		49432770256E12F0005AD2BB /* cardPortal-iOS.app */ = {isa = PBXFileReference; explicitFileType = wrapper.application; includeInIndex = 0; path = "cardPortal-iOS.app"; sourceTree = BUILT_PRODUCTS_DIR; };
		49432773256E12F0005AD2BB /* cardPortal_iOSApp.swift */ = {isa = PBXFileReference; lastKnownFileType = sourcecode.swift; path = cardPortal_iOSApp.swift; sourceTree = "<group>"; };
		49432775256E12F0005AD2BB /* ContentView.swift */ = {isa = PBXFileReference; lastKnownFileType = sourcecode.swift; path = ContentView.swift; sourceTree = "<group>"; };
		49432777256E12F2005AD2BB /* Assets.xcassets */ = {isa = PBXFileReference; lastKnownFileType = folder.assetcatalog; path = Assets.xcassets; sourceTree = "<group>"; };
		4943277A256E12F2005AD2BB /* Preview Assets.xcassets */ = {isa = PBXFileReference; lastKnownFileType = folder.assetcatalog; path = "Preview Assets.xcassets"; sourceTree = "<group>"; };
		4943277C256E12F2005AD2BB /* Info.plist */ = {isa = PBXFileReference; lastKnownFileType = text.plist.xml; path = Info.plist; sourceTree = "<group>"; };
		49432781256E12F3005AD2BB /* cardPortal-iOSTests.xctest */ = {isa = PBXFileReference; explicitFileType = wrapper.cfbundle; includeInIndex = 0; path = "cardPortal-iOSTests.xctest"; sourceTree = BUILT_PRODUCTS_DIR; };
		49432785256E12F3005AD2BB /* cardPortal_iOSTests.swift */ = {isa = PBXFileReference; lastKnownFileType = sourcecode.swift; path = cardPortal_iOSTests.swift; sourceTree = "<group>"; };
		49432787256E12F3005AD2BB /* Info.plist */ = {isa = PBXFileReference; lastKnownFileType = text.plist.xml; path = Info.plist; sourceTree = "<group>"; };
		4943278C256E12F3005AD2BB /* cardPortal-iOSUITests.xctest */ = {isa = PBXFileReference; explicitFileType = wrapper.cfbundle; includeInIndex = 0; path = "cardPortal-iOSUITests.xctest"; sourceTree = BUILT_PRODUCTS_DIR; };
		49432790256E12F3005AD2BB /* cardPortal_iOSUITests.swift */ = {isa = PBXFileReference; lastKnownFileType = sourcecode.swift; path = cardPortal_iOSUITests.swift; sourceTree = "<group>"; };
		49432792256E12F3005AD2BB /* Info.plist */ = {isa = PBXFileReference; lastKnownFileType = text.plist.xml; path = Info.plist; sourceTree = "<group>"; };
/* End PBXFileReference section */

/* Begin PBXFrameworksBuildPhase section */
		4943276D256E12F0005AD2BB /* Frameworks */ = {
			isa = PBXFrameworksBuildPhase;
			buildActionMask = 2147483647;
			files = (
			);
			runOnlyForDeploymentPostprocessing = 0;
		};
		4943277E256E12F3005AD2BB /* Frameworks */ = {
			isa = PBXFrameworksBuildPhase;
			buildActionMask = 2147483647;
			files = (
			);
			runOnlyForDeploymentPostprocessing = 0;
		};
		49432789256E12F3005AD2BB /* Frameworks */ = {
			isa = PBXFrameworksBuildPhase;
			buildActionMask = 2147483647;
			files = (
			);
			runOnlyForDeploymentPostprocessing = 0;
		};
/* End PBXFrameworksBuildPhase section */

/* Begin PBXGroup section */
		49432767256E12F0005AD2BB = {
			isa = PBXGroup;
			children = (
				49432772256E12F0005AD2BB /* cardPortal-iOS */,
				49432784256E12F3005AD2BB /* cardPortal-iOSTests */,
				4943278F256E12F3005AD2BB /* cardPortal-iOSUITests */,
				49432771256E12F0005AD2BB /* Products */,
			);
			sourceTree = "<group>";
		};
		49432771256E12F0005AD2BB /* Products */ = {
			isa = PBXGroup;
			children = (
				49432770256E12F0005AD2BB /* cardPortal-iOS.app */,
				49432781256E12F3005AD2BB /* cardPortal-iOSTests.xctest */,
				4943278C256E12F3005AD2BB /* cardPortal-iOSUITests.xctest */,
			);
			name = Products;
			sourceTree = "<group>";
		};
		49432772256E12F0005AD2BB /* cardPortal-iOS */ = {
			isa = PBXGroup;
			children = (
				49432773256E12F0005AD2BB /* cardPortal_iOSApp.swift */,
				49432775256E12F0005AD2BB /* ContentView.swift */,
				49432777256E12F2005AD2BB /* Assets.xcassets */,
				4943277C256E12F2005AD2BB /* Info.plist */,
				49432779256E12F2005AD2BB /* Preview Content */,
			);
			path = "cardPortal-iOS";
			sourceTree = "<group>";
		};
		49432779256E12F2005AD2BB /* Preview Content */ = {
			isa = PBXGroup;
			children = (
				4943277A256E12F2005AD2BB /* Preview Assets.xcassets */,
			);
			path = "Preview Content";
			sourceTree = "<group>";
		};
		49432784256E12F3005AD2BB /* cardPortal-iOSTests */ = {
			isa = PBXGroup;
			children = (
				49432785256E12F3005AD2BB /* cardPortal_iOSTests.swift */,
				49432787256E12F3005AD2BB /* Info.plist */,
			);
			path = "cardPortal-iOSTests";
			sourceTree = "<group>";
		};
		4943278F256E12F3005AD2BB /* cardPortal-iOSUITests */ = {
			isa = PBXGroup;
			children = (
				49432790256E12F3005AD2BB /* cardPortal_iOSUITests.swift */,
				49432792256E12F3005AD2BB /* Info.plist */,
			);
			path = "cardPortal-iOSUITests";
			sourceTree = "<group>";
		};
/* End PBXGroup section */

/* Begin PBXNativeTarget section */
		4943276F256E12F0005AD2BB /* cardPortal-iOS */ = {
			isa = PBXNativeTarget;
			buildConfigurationList = 49432795256E12F3005AD2BB /* Build configuration list for PBXNativeTarget "cardPortal-iOS" */;
			buildPhases = (
				4943276C256E12F0005AD2BB /* Sources */,
				4943276D256E12F0005AD2BB /* Frameworks */,
				4943276E256E12F0005AD2BB /* Resources */,
			);
			buildRules = (
			);
			dependencies = (
			);
			name = "cardPortal-iOS";
			productName = "cardPortal-iOS";
			productReference = 49432770256E12F0005AD2BB /* cardPortal-iOS.app */;
			productType = "com.apple.product-type.application";
		};
		49432780256E12F3005AD2BB /* cardPortal-iOSTests */ = {
			isa = PBXNativeTarget;
			buildConfigurationList = 49432798256E12F3005AD2BB /* Build configuration list for PBXNativeTarget "cardPortal-iOSTests" */;
			buildPhases = (
				4943277D256E12F3005AD2BB /* Sources */,
				4943277E256E12F3005AD2BB /* Frameworks */,
				4943277F256E12F3005AD2BB /* Resources */,
			);
			buildRules = (
			);
			dependencies = (
				49432783256E12F3005AD2BB /* PBXTargetDependency */,
			);
			name = "cardPortal-iOSTests";
			productName = "cardPortal-iOSTests";
			productReference = 49432781256E12F3005AD2BB /* cardPortal-iOSTests.xctest */;
			productType = "com.apple.product-type.bundle.unit-test";
		};
		4943278B256E12F3005AD2BB /* cardPortal-iOSUITests */ = {
			isa = PBXNativeTarget;
			buildConfigurationList = 4943279B256E12F3005AD2BB /* Build configuration list for PBXNativeTarget "cardPortal-iOSUITests" */;
			buildPhases = (
				49432788256E12F3005AD2BB /* Sources */,
				49432789256E12F3005AD2BB /* Frameworks */,
				4943278A256E12F3005AD2BB /* Resources */,
			);
			buildRules = (
			);
			dependencies = (
				4943278E256E12F3005AD2BB /* PBXTargetDependency */,
			);
			name = "cardPortal-iOSUITests";
			productName = "cardPortal-iOSUITests";
			productReference = 4943278C256E12F3005AD2BB /* cardPortal-iOSUITests.xctest */;
			productType = "com.apple.product-type.bundle.ui-testing";
		};
/* End PBXNativeTarget section */

/* Begin PBXProject section */
		49432768256E12F0005AD2BB /* Project object */ = {
			isa = PBXProject;
			attributes = {
				LastSwiftUpdateCheck = 1220;
				LastUpgradeCheck = 1220;
				TargetAttributes = {
					4943276F256E12F0005AD2BB = {
						CreatedOnToolsVersion = 12.2;
					};
					49432780256E12F3005AD2BB = {
						CreatedOnToolsVersion = 12.2;
						TestTargetID = 4943276F256E12F0005AD2BB;
					};
					4943278B256E12F3005AD2BB = {
						CreatedOnToolsVersion = 12.2;
						TestTargetID = 4943276F256E12F0005AD2BB;
					};
				};
			};
			buildConfigurationList = 4943276B256E12F0005AD2BB /* Build configuration list for PBXProject "cardPortal-iOS" */;
			compatibilityVersion = "Xcode 9.3";
			developmentRegion = en;
			hasScannedForEncodings = 0;
			knownRegions = (
				en,
				Base,
			);
			mainGroup = 49432767256E12F0005AD2BB;
			productRefGroup = 49432771256E12F0005AD2BB /* Products */;
			projectDirPath = "";
			projectRoot = "";
			targets = (
				4943276F256E12F0005AD2BB /* cardPortal-iOS */,
				49432780256E12F3005AD2BB /* cardPortal-iOSTests */,
				4943278B256E12F3005AD2BB /* cardPortal-iOSUITests */,
			);
		};
/* End PBXProject section */

/* Begin PBXResourcesBuildPhase section */
		4943276E256E12F0005AD2BB /* Resources */ = {
			isa = PBXResourcesBuildPhase;
			buildActionMask = 2147483647;
			files = (
				4943277B256E12F2005AD2BB /* Preview Assets.xcassets in Resources */,
				49432778256E12F2005AD2BB /* Assets.xcassets in Resources */,
			);
			runOnlyForDeploymentPostprocessing = 0;
		};
		4943277F256E12F3005AD2BB /* Resources */ = {
			isa = PBXResourcesBuildPhase;
			buildActionMask = 2147483647;
			files = (
			);
			runOnlyForDeploymentPostprocessing = 0;
		};
		4943278A256E12F3005AD2BB /* Resources */ = {
			isa = PBXResourcesBuildPhase;
			buildActionMask = 2147483647;
			files = (
			);
			runOnlyForDeploymentPostprocessing = 0;
		};
/* End PBXResourcesBuildPhase section */

/* Begin PBXSourcesBuildPhase section */
		4943276C256E12F0005AD2BB /* Sources */ = {
			isa = PBXSourcesBuildPhase;
			buildActionMask = 2147483647;
			files = (
				49432776256E12F0005AD2BB /* ContentView.swift in Sources */,
				49432774256E12F0005AD2BB /* cardPortal_iOSApp.swift in Sources */,
			);
			runOnlyForDeploymentPostprocessing = 0;
		};
		4943277D256E12F3005AD2BB /* Sources */ = {
			isa = PBXSourcesBuildPhase;
			buildActionMask = 2147483647;
			files = (
				49432786256E12F3005AD2BB /* cardPortal_iOSTests.swift in Sources */,
			);
			runOnlyForDeploymentPostprocessing = 0;
		};
		49432788256E12F3005AD2BB /* Sources */ = {
			isa = PBXSourcesBuildPhase;
			buildActionMask = 2147483647;
			files = (
				49432791256E12F3005AD2BB /* cardPortal_iOSUITests.swift in Sources */,
			);
			runOnlyForDeploymentPostprocessing = 0;
		};
/* End PBXSourcesBuildPhase section */

/* Begin PBXTargetDependency section */
		49432783256E12F3005AD2BB /* PBXTargetDependency */ = {
			isa = PBXTargetDependency;
			target = 4943276F256E12F0005AD2BB /* cardPortal-iOS */;
			targetProxy = 49432782256E12F3005AD2BB /* PBXContainerItemProxy */;
		};
		4943278E256E12F3005AD2BB /* PBXTargetDependency */ = {
			isa = PBXTargetDependency;
			target = 4943276F256E12F0005AD2BB /* cardPortal-iOS */;
			targetProxy = 4943278D256E12F3005AD2BB /* PBXContainerItemProxy */;
		};
/* End PBXTargetDependency section */

/* Begin XCBuildConfiguration section */
		49432793256E12F3005AD2BB /* Debug */ = {
			isa = XCBuildConfiguration;
			buildSettings = {
				ALWAYS_SEARCH_USER_PATHS = NO;
				CLANG_ANALYZER_NONNULL = YES;
				CLANG_ANALYZER_NUMBER_OBJECT_CONVERSION = YES_AGGRESSIVE;
				CLANG_CXX_LANGUAGE_STANDARD = "gnu++14";
				CLANG_CXX_LIBRARY = "libc++";
				CLANG_ENABLE_MODULES = YES;
				CLANG_ENABLE_OBJC_ARC = YES;
				CLANG_ENABLE_OBJC_WEAK = YES;
				CLANG_WARN_BLOCK_CAPTURE_AUTORELEASING = YES;
				CLANG_WARN_BOOL_CONVERSION = YES;
				CLANG_WARN_COMMA = YES;
				CLANG_WARN_CONSTANT_CONVERSION = YES;
				CLANG_WARN_DEPRECATED_OBJC_IMPLEMENTATIONS = YES;
				CLANG_WARN_DIRECT_OBJC_ISA_USAGE = YES_ERROR;
				CLANG_WARN_DOCUMENTATION_COMMENTS = YES;
				CLANG_WARN_EMPTY_BODY = YES;
				CLANG_WARN_ENUM_CONVERSION = YES;
				CLANG_WARN_INFINITE_RECURSION = YES;
				CLANG_WARN_INT_CONVERSION = YES;
				CLANG_WARN_NON_LITERAL_NULL_CONVERSION = YES;
				CLANG_WARN_OBJC_IMPLICIT_RETAIN_SELF = YES;
				CLANG_WARN_OBJC_LITERAL_CONVERSION = YES;
				CLANG_WARN_OBJC_ROOT_CLASS = YES_ERROR;
				CLANG_WARN_QUOTED_INCLUDE_IN_FRAMEWORK_HEADER = YES;
				CLANG_WARN_RANGE_LOOP_ANALYSIS = YES;
				CLANG_WARN_STRICT_PROTOTYPES = YES;
				CLANG_WARN_SUSPICIOUS_MOVE = YES;
				CLANG_WARN_UNGUARDED_AVAILABILITY = YES_AGGRESSIVE;
				CLANG_WARN_UNREACHABLE_CODE = YES;
				CLANG_WARN__DUPLICATE_METHOD_MATCH = YES;
				COPY_PHASE_STRIP = NO;
				DEBUG_INFORMATION_FORMAT = dwarf;
				ENABLE_STRICT_OBJC_MSGSEND = YES;
				ENABLE_TESTABILITY = YES;
				GCC_C_LANGUAGE_STANDARD = gnu11;
				GCC_DYNAMIC_NO_PIC = NO;
				GCC_NO_COMMON_BLOCKS = YES;
				GCC_OPTIMIZATION_LEVEL = 0;
				GCC_PREPROCESSOR_DEFINITIONS = (
					"DEBUG=1",
					"$(inherited)",
				);
				GCC_WARN_64_TO_32_BIT_CONVERSION = YES;
				GCC_WARN_ABOUT_RETURN_TYPE = YES_ERROR;
				GCC_WARN_UNDECLARED_SELECTOR = YES;
				GCC_WARN_UNINITIALIZED_AUTOS = YES_AGGRESSIVE;
				GCC_WARN_UNUSED_FUNCTION = YES;
				GCC_WARN_UNUSED_VARIABLE = YES;
				IPHONEOS_DEPLOYMENT_TARGET = 14.2;
				MTL_ENABLE_DEBUG_INFO = INCLUDE_SOURCE;
				MTL_FAST_MATH = YES;
				ONLY_ACTIVE_ARCH = YES;
				SDKROOT = iphoneos;
				SWIFT_ACTIVE_COMPILATION_CONDITIONS = DEBUG;
				SWIFT_OPTIMIZATION_LEVEL = "-Onone";
			};
			name = Debug;
		};
		49432794256E12F3005AD2BB /* Release */ = {
			isa = XCBuildConfiguration;
			buildSettings = {
				ALWAYS_SEARCH_USER_PATHS = NO;
				CLANG_ANALYZER_NONNULL = YES;
				CLANG_ANALYZER_NUMBER_OBJECT_CONVERSION = YES_AGGRESSIVE;
				CLANG_CXX_LANGUAGE_STANDARD = "gnu++14";
				CLANG_CXX_LIBRARY = "libc++";
				CLANG_ENABLE_MODULES = YES;
				CLANG_ENABLE_OBJC_ARC = YES;
				CLANG_ENABLE_OBJC_WEAK = YES;
				CLANG_WARN_BLOCK_CAPTURE_AUTORELEASING = YES;
				CLANG_WARN_BOOL_CONVERSION = YES;
				CLANG_WARN_COMMA = YES;
				CLANG_WARN_CONSTANT_CONVERSION = YES;
				CLANG_WARN_DEPRECATED_OBJC_IMPLEMENTATIONS = YES;
				CLANG_WARN_DIRECT_OBJC_ISA_USAGE = YES_ERROR;
				CLANG_WARN_DOCUMENTATION_COMMENTS = YES;
				CLANG_WARN_EMPTY_BODY = YES;
				CLANG_WARN_ENUM_CONVERSION = YES;
				CLANG_WARN_INFINITE_RECURSION = YES;
				CLANG_WARN_INT_CONVERSION = YES;
				CLANG_WARN_NON_LITERAL_NULL_CONVERSION = YES;
				CLANG_WARN_OBJC_IMPLICIT_RETAIN_SELF = YES;
				CLANG_WARN_OBJC_LITERAL_CONVERSION = YES;
				CLANG_WARN_OBJC_ROOT_CLASS = YES_ERROR;
				CLANG_WARN_QUOTED_INCLUDE_IN_FRAMEWORK_HEADER = YES;
				CLANG_WARN_RANGE_LOOP_ANALYSIS = YES;
				CLANG_WARN_STRICT_PROTOTYPES = YES;
				CLANG_WARN_SUSPICIOUS_MOVE = YES;
				CLANG_WARN_UNGUARDED_AVAILABILITY = YES_AGGRESSIVE;
				CLANG_WARN_UNREACHABLE_CODE = YES;
				CLANG_WARN__DUPLICATE_METHOD_MATCH = YES;
				COPY_PHASE_STRIP = NO;
				DEBUG_INFORMATION_FORMAT = "dwarf-with-dsym";
				ENABLE_NS_ASSERTIONS = NO;
				ENABLE_STRICT_OBJC_MSGSEND = YES;
				GCC_C_LANGUAGE_STANDARD = gnu11;
				GCC_NO_COMMON_BLOCKS = YES;
				GCC_WARN_64_TO_32_BIT_CONVERSION = YES;
				GCC_WARN_ABOUT_RETURN_TYPE = YES_ERROR;
				GCC_WARN_UNDECLARED_SELECTOR = YES;
				GCC_WARN_UNINITIALIZED_AUTOS = YES_AGGRESSIVE;
				GCC_WARN_UNUSED_FUNCTION = YES;
				GCC_WARN_UNUSED_VARIABLE = YES;
				IPHONEOS_DEPLOYMENT_TARGET = 14.2;
				MTL_ENABLE_DEBUG_INFO = NO;
				MTL_FAST_MATH = YES;
				SDKROOT = iphoneos;
				SWIFT_COMPILATION_MODE = wholemodule;
				SWIFT_OPTIMIZATION_LEVEL = "-O";
				VALIDATE_PRODUCT = YES;
			};
			name = Release;
		};
		49432796256E12F3005AD2BB /* Debug */ = {
			isa = XCBuildConfiguration;
			buildSettings = {
				ASSETCATALOG_COMPILER_APPICON_NAME = AppIcon;
				ASSETCATALOG_COMPILER_GLOBAL_ACCENT_COLOR_NAME = AccentColor;
				CODE_SIGN_STYLE = Automatic;
				DEVELOPMENT_ASSET_PATHS = "\"cardPortal-iOS/Preview Content\"";
				ENABLE_PREVIEWS = YES;
				INFOPLIST_FILE = "cardPortal-iOS/Info.plist";
				IPHONEOS_DEPLOYMENT_TARGET = 14.0;
				LD_RUNPATH_SEARCH_PATHS = (
					"$(inherited)",
					"@executable_path/Frameworks",
				);
				PRODUCT_BUNDLE_IDENTIFIER = "TweedsCo.cardPortal-iOS";
				PRODUCT_NAME = "$(TARGET_NAME)";
				SWIFT_VERSION = 5.0;
				TARGETED_DEVICE_FAMILY = "1,2";
			};
			name = Debug;
		};
		49432797256E12F3005AD2BB /* Release */ = {
			isa = XCBuildConfiguration;
			buildSettings = {
				ASSETCATALOG_COMPILER_APPICON_NAME = AppIcon;
				ASSETCATALOG_COMPILER_GLOBAL_ACCENT_COLOR_NAME = AccentColor;
				CODE_SIGN_STYLE = Automatic;
				DEVELOPMENT_ASSET_PATHS = "\"cardPortal-iOS/Preview Content\"";
				ENABLE_PREVIEWS = YES;
				INFOPLIST_FILE = "cardPortal-iOS/Info.plist";
				IPHONEOS_DEPLOYMENT_TARGET = 14.0;
				LD_RUNPATH_SEARCH_PATHS = (
					"$(inherited)",
					"@executable_path/Frameworks",
				);
				PRODUCT_BUNDLE_IDENTIFIER = "TweedsCo.cardPortal-iOS";
				PRODUCT_NAME = "$(TARGET_NAME)";
				SWIFT_VERSION = 5.0;
				TARGETED_DEVICE_FAMILY = "1,2";
			};
			name = Release;
		};
		49432799256E12F3005AD2BB /* Debug */ = {
			isa = XCBuildConfiguration;
			buildSettings = {
				ALWAYS_EMBED_SWIFT_STANDARD_LIBRARIES = YES;
				BUNDLE_LOADER = "$(TEST_HOST)";
				CODE_SIGN_STYLE = Automatic;
				INFOPLIST_FILE = "cardPortal-iOSTests/Info.plist";
				IPHONEOS_DEPLOYMENT_TARGET = 14.0;
				LD_RUNPATH_SEARCH_PATHS = (
					"$(inherited)",
					"@executable_path/Frameworks",
					"@loader_path/Frameworks",
				);
				PRODUCT_BUNDLE_IDENTIFIER = "TweedsCo.cardPortal-iOSTests";
				PRODUCT_NAME = "$(TARGET_NAME)";
				SWIFT_VERSION = 5.0;
				TARGETED_DEVICE_FAMILY = "1,2";
				TEST_HOST = "$(BUILT_PRODUCTS_DIR)/cardPortal-iOS.app/cardPortal-iOS";
			};
			name = Debug;
		};
		4943279A256E12F3005AD2BB /* Release */ = {
			isa = XCBuildConfiguration;
			buildSettings = {
				ALWAYS_EMBED_SWIFT_STANDARD_LIBRARIES = YES;
				BUNDLE_LOADER = "$(TEST_HOST)";
				CODE_SIGN_STYLE = Automatic;
				INFOPLIST_FILE = "cardPortal-iOSTests/Info.plist";
				IPHONEOS_DEPLOYMENT_TARGET = 14.0;
				LD_RUNPATH_SEARCH_PATHS = (
					"$(inherited)",
					"@executable_path/Frameworks",
					"@loader_path/Frameworks",
				);
				PRODUCT_BUNDLE_IDENTIFIER = "TweedsCo.cardPortal-iOSTests";
				PRODUCT_NAME = "$(TARGET_NAME)";
				SWIFT_VERSION = 5.0;
				TARGETED_DEVICE_FAMILY = "1,2";
				TEST_HOST = "$(BUILT_PRODUCTS_DIR)/cardPortal-iOS.app/cardPortal-iOS";
			};
			name = Release;
		};
		4943279C256E12F3005AD2BB /* Debug */ = {
			isa = XCBuildConfiguration;
			buildSettings = {
				ALWAYS_EMBED_SWIFT_STANDARD_LIBRARIES = YES;
				CODE_SIGN_STYLE = Automatic;
				INFOPLIST_FILE = "cardPortal-iOSUITests/Info.plist";
				LD_RUNPATH_SEARCH_PATHS = (
					"$(inherited)",
					"@executable_path/Frameworks",
					"@loader_path/Frameworks",
				);
				PRODUCT_BUNDLE_IDENTIFIER = "TweedsCo.cardPortal-iOSUITests";
				PRODUCT_NAME = "$(TARGET_NAME)";
				SWIFT_VERSION = 5.0;
				TARGETED_DEVICE_FAMILY = "1,2";
				TEST_TARGET_NAME = "cardPortal-iOS";
			};
			name = Debug;
		};
		4943279D256E12F3005AD2BB /* Release */ = {
			isa = XCBuildConfiguration;
			buildSettings = {
				ALWAYS_EMBED_SWIFT_STANDARD_LIBRARIES = YES;
				CODE_SIGN_STYLE = Automatic;
				INFOPLIST_FILE = "cardPortal-iOSUITests/Info.plist";
				LD_RUNPATH_SEARCH_PATHS = (
					"$(inherited)",
					"@executable_path/Frameworks",
					"@loader_path/Frameworks",
				);
				PRODUCT_BUNDLE_IDENTIFIER = "TweedsCo.cardPortal-iOSUITests";
				PRODUCT_NAME = "$(TARGET_NAME)";
				SWIFT_VERSION = 5.0;
				TARGETED_DEVICE_FAMILY = "1,2";
				TEST_TARGET_NAME = "cardPortal-iOS";
			};
			name = Release;
		};
/* End XCBuildConfiguration section */

/* Begin XCConfigurationList section */
		4943276B256E12F0005AD2BB /* Build configuration list for PBXProject "cardPortal-iOS" */ = {
			isa = XCConfigurationList;
			buildConfigurations = (
				49432793256E12F3005AD2BB /* Debug */,
				49432794256E12F3005AD2BB /* Release */,
			);
			defaultConfigurationIsVisible = 0;
			defaultConfigurationName = Release;
		};
		49432795256E12F3005AD2BB /* Build configuration list for PBXNativeTarget "cardPortal-iOS" */ = {
			isa = XCConfigurationList;
			buildConfigurations = (
				49432796256E12F3005AD2BB /* Debug */,
				49432797256E12F3005AD2BB /* Release */,
			);
			defaultConfigurationIsVisible = 0;
			defaultConfigurationName = Release;
		};
		49432798256E12F3005AD2BB /* Build configuration list for PBXNativeTarget "cardPortal-iOSTests" */ = {
			isa = XCConfigurationList;
			buildConfigurations = (
				49432799256E12F3005AD2BB /* Debug */,
				4943279A256E12F3005AD2BB /* Release */,
			);
			defaultConfigurationIsVisible = 0;
			defaultConfigurationName = Release;
		};
		4943279B256E12F3005AD2BB /* Build configuration list for PBXNativeTarget "cardPortal-iOSUITests" */ = {
			isa = XCConfigurationList;
			buildConfigurations = (
				4943279C256E12F3005AD2BB /* Debug */,
				4943279D256E12F3005AD2BB /* Release */,
			);
			defaultConfigurationIsVisible = 0;
			defaultConfigurationName = Release;
		};
/* End XCConfigurationList section */
	};
	rootObject = 49432768256E12F0005AD2BB /* Project object */;
}
